
Microsoft Visual Studio Solution File, Format Version 12.00
# Visual Studio 15
VisualStudioVersion = 15.0.26730.12
MinimumVisualStudioVersion = 10.0.40219.1
Project("{FAE04EC0-301F-11D3-BF4B-00C04F79EFBC}") = "Fairytail", "Fairytail\Fairytail.csproj", "{8575E693-2415-41AD-BBFD-D7111A59D32A}"
EndProject
Global
	GlobalSection(SolutionConfigurationPlatforms) = preSolution
		Debug|Any CPU = Debug|Any CPU
		Release|Any CPU = Release|Any CPU
	EndGlobalSection
	GlobalSection(ProjectConfigurationPlatforms) = postSolution
		{8575E693-2415-41AD-BBFD-D7111A59D32A}.Debug|Any CPU.ActiveCfg = Debug|Any CPU
		{8575E693-2415-41AD-BBFD-D7111A59D32A}.Debug|Any CPU.Build.0 = Debug|Any CPU
		{8575E693-2415-41AD-BBFD-D7111A59D32A}.Release|Any CPU.ActiveCfg = Release|Any CPU
		{8575E693-2415-41AD-BBFD-D7111A59D32A}.Release|Any CPU.Build.0 = Release|Any CPU
	EndGlobalSection
	GlobalSection(SolutionProperties) = preSolution
		HideSolutionNode = FALSE
	EndGlobalSection
	GlobalSection(ExtensibilityGlobals) = postSolution
		SolutionGuid = {0F669388-9F23-41B2-97B5-71EC27B9E356}
	EndGlobalSection
EndGlobal
